
Microsoft Visual Studio Solution File, Format Version 12.00
# Visual Studio Version 16
VisualStudioVersion = 16.0.31229.75
MinimumVisualStudioVersion = 10.0.40219.1
Project("{8BC9CEB8-8B4A-11D0-8D11-00A0C91BC942}") = "Kursovaya", "Kursovaya\Kursovaya.vcxproj", "{C51962E5-43E7-42AC-9B9A-EC7C146C8CDC}"
EndProject
Project("{8BC9CEB8-8B4A-11D0-8D11-00A0C91BC942}") = "UnitTest1", "UnitTest1\UnitTest1.vcxproj", "{1A6DA6F6-9517-49F5-93A2-47BC79963E05}"
EndProject
Global
	GlobalSection(SolutionConfigurationPlatforms) = preSolution
		Debug|x64 = Debug|x64
		Debug|x86 = Debug|x86
		Release|x64 = Release|x64
		Release|x86 = Release|x86
	EndGlobalSection
	GlobalSection(ProjectConfigurationPlatforms) = postSolution
		{C51962E5-43E7-42AC-9B9A-EC7C146C8CDC}.Debug|x64.ActiveCfg = Debug|x64
		{C51962E5-43E7-42AC-9B9A-EC7C146C8CDC}.Debug|x64.Build.0 = Debug|x64
		{C51962E5-43E7-42AC-9B9A-EC7C146C8CDC}.Debug|x86.ActiveCfg = Debug|Win32
		{C51962E5-43E7-42AC-9B9A-EC7C146C8CDC}.Debug|x86.Build.0 = Debug|Win32
		{C51962E5-43E7-42AC-9B9A-EC7C146C8CDC}.Release|x64.ActiveCfg = Release|x64
		{C51962E5-43E7-42AC-9B9A-EC7C146C8CDC}.Release|x64.Build.0 = Release|x64
		{C51962E5-43E7-42AC-9B9A-EC7C146C8CDC}.Release|x86.ActiveCfg = Release|Win32
		{C51962E5-43E7-42AC-9B9A-EC7C146C8CDC}.Release|x86.Build.0 = Release|Win32
		{1A6DA6F6-9517-49F5-93A2-47BC79963E05}.Debug|x64.ActiveCfg = Debug|x64
		{1A6DA6F6-9517-49F5-93A2-47BC79963E05}.Debug|x64.Build.0 = Debug|x64
		{1A6DA6F6-9517-49F5-93A2-47BC79963E05}.Debug|x86.ActiveCfg = Debug|Win32
		{1A6DA6F6-9517-49F5-93A2-47BC79963E05}.Debug|x86.Build.0 = Debug|Win32
		{1A6DA6F6-9517-49F5-93A2-47BC79963E05}.Release|x64.ActiveCfg = Release|x64
		{1A6DA6F6-9517-49F5-93A2-47BC79963E05}.Release|x64.Build.0 = Release|x64
		{1A6DA6F6-9517-49F5-93A2-47BC79963E05}.Release|x86.ActiveCfg = Release|Win32
		{1A6DA6F6-9517-49F5-93A2-47BC79963E05}.Release|x86.Build.0 = Release|Win32
	EndGlobalSection
	GlobalSection(SolutionProperties) = preSolution
		HideSolutionNode = FALSE
	EndGlobalSection
	GlobalSection(ExtensibilityGlobals) = postSolution
		SolutionGuid = {D1A5E223-DE3A-41BA-80B3-86BAAF614226}
	EndGlobalSection
EndGlobal
